
Microsoft Visual Studio Solution File, Format Version 12.00
# Visual Studio Version 16
VisualStudioVersion = 16.0.30503.244
MinimumVisualStudioVersion = 10.0.40219.1
Project("{9A19103F-16F7-4668-BE54-9A1E7A4F7556}") = "BusinessLogicInterface", "BusinessLogicInterface\BusinessLogicInterface.csproj", "{EC86F04B-A8EA-47F3-8721-5F3717FF198A}"
EndProject
Project("{9A19103F-16F7-4668-BE54-9A1E7A4F7556}") = "Domain", "Domain\Domain.csproj", "{B26730E8-E171-467E-9242-1B24279D168F}"
EndProject
Project("{9A19103F-16F7-4668-BE54-9A1E7A4F7556}") = "BusinessLogic", "BusinessLogic\BusinessLogic.csproj", "{B78CA42E-2CF8-421E-8FBE-B5091BC5D965}"
EndProject
Project("{9A19103F-16F7-4668-BE54-9A1E7A4F7556}") = "DataAccessInterface", "DataAccessInterface\DataAccessInterface.csproj", "{AEBE7149-AADC-4048-A205-D3D8CE1A047D}"
EndProject
Project("{9A19103F-16F7-4668-BE54-9A1E7A4F7556}") = "DataAccess", "DataAccess\DataAccess.csproj", "{EBCF0348-EEF9-47D4-9E4B-250C93467808}"
EndProject
Project("{9A19103F-16F7-4668-BE54-9A1E7A4F7556}") = "BusinessLogicTest", "BusinessLogicTest\BusinessLogicTest.csproj", "{86DA5F93-E575-4335-8780-502C283AB70C}"
	ProjectSection(ProjectDependencies) = postProject
		{64330351-E96C-4D00-8DB8-D29BDDE1647E} = {64330351-E96C-4D00-8DB8-D29BDDE1647E}
	EndProjectSection
EndProject
Project("{9A19103F-16F7-4668-BE54-9A1E7A4F7556}") = "WebAPI", "WebAPI\WebAPI.csproj", "{D25564C5-95FA-48AA-946A-91000A6B54F2}"
EndProject
Project("{9A19103F-16F7-4668-BE54-9A1E7A4F7556}") = "WebAPITest", "WebAPITest\WebAPITest.csproj", "{42DA5D8F-0BC0-4EE0-A4A0-E8E7A7BE21D6}"
EndProject
Project("{FAE04EC0-301F-11D3-BF4B-00C04F79EFBC}") = "Exceptions", "Exceptions\Exceptions.csproj", "{64330351-E96C-4D00-8DB8-D29BDDE1647E}"
EndProject
Project("{FAE04EC0-301F-11D3-BF4B-00C04F79EFBC}") = "DataAccessTest", "DataAccessTest\DataAccessTest.csproj", "{15DEB460-D32B-4E41-8ED4-ACACFB7A4829}"
EndProject
Global
	GlobalSection(SolutionConfigurationPlatforms) = preSolution
		Debug|Any CPU = Debug|Any CPU
		Release|Any CPU = Release|Any CPU
	EndGlobalSection
	GlobalSection(ProjectConfigurationPlatforms) = postSolution
		{EC86F04B-A8EA-47F3-8721-5F3717FF198A}.Debug|Any CPU.ActiveCfg = Debug|Any CPU
		{EC86F04B-A8EA-47F3-8721-5F3717FF198A}.Debug|Any CPU.Build.0 = Debug|Any CPU
		{EC86F04B-A8EA-47F3-8721-5F3717FF198A}.Release|Any CPU.ActiveCfg = Release|Any CPU
		{EC86F04B-A8EA-47F3-8721-5F3717FF198A}.Release|Any CPU.Build.0 = Release|Any CPU
		{B26730E8-E171-467E-9242-1B24279D168F}.Debug|Any CPU.ActiveCfg = Debug|Any CPU
		{B26730E8-E171-467E-9242-1B24279D168F}.Debug|Any CPU.Build.0 = Debug|Any CPU
		{B26730E8-E171-467E-9242-1B24279D168F}.Release|Any CPU.ActiveCfg = Release|Any CPU
		{B26730E8-E171-467E-9242-1B24279D168F}.Release|Any CPU.Build.0 = Release|Any CPU
		{B78CA42E-2CF8-421E-8FBE-B5091BC5D965}.Debug|Any CPU.ActiveCfg = Debug|Any CPU
		{B78CA42E-2CF8-421E-8FBE-B5091BC5D965}.Debug|Any CPU.Build.0 = Debug|Any CPU
		{B78CA42E-2CF8-421E-8FBE-B5091BC5D965}.Release|Any CPU.ActiveCfg = Release|Any CPU
		{B78CA42E-2CF8-421E-8FBE-B5091BC5D965}.Release|Any CPU.Build.0 = Release|Any CPU
		{AEBE7149-AADC-4048-A205-D3D8CE1A047D}.Debug|Any CPU.ActiveCfg = Debug|Any CPU
		{AEBE7149-AADC-4048-A205-D3D8CE1A047D}.Debug|Any CPU.Build.0 = Debug|Any CPU
		{AEBE7149-AADC-4048-A205-D3D8CE1A047D}.Release|Any CPU.ActiveCfg = Release|Any CPU
		{AEBE7149-AADC-4048-A205-D3D8CE1A047D}.Release|Any CPU.Build.0 = Release|Any CPU
		{EBCF0348-EEF9-47D4-9E4B-250C93467808}.Debug|Any CPU.ActiveCfg = Debug|Any CPU
		{EBCF0348-EEF9-47D4-9E4B-250C93467808}.Debug|Any CPU.Build.0 = Debug|Any CPU
		{EBCF0348-EEF9-47D4-9E4B-250C93467808}.Release|Any CPU.ActiveCfg = Release|Any CPU
		{EBCF0348-EEF9-47D4-9E4B-250C93467808}.Release|Any CPU.Build.0 = Release|Any CPU
		{86DA5F93-E575-4335-8780-502C283AB70C}.Debug|Any CPU.ActiveCfg = Debug|Any CPU
		{86DA5F93-E575-4335-8780-502C283AB70C}.Debug|Any CPU.Build.0 = Debug|Any CPU
		{86DA5F93-E575-4335-8780-502C283AB70C}.Release|Any CPU.ActiveCfg = Release|Any CPU
		{86DA5F93-E575-4335-8780-502C283AB70C}.Release|Any CPU.Build.0 = Release|Any CPU
		{D25564C5-95FA-48AA-946A-91000A6B54F2}.Debug|Any CPU.ActiveCfg = Debug|Any CPU
		{D25564C5-95FA-48AA-946A-91000A6B54F2}.Debug|Any CPU.Build.0 = Debug|Any CPU
		{D25564C5-95FA-48AA-946A-91000A6B54F2}.Release|Any CPU.ActiveCfg = Release|Any CPU
		{D25564C5-95FA-48AA-946A-91000A6B54F2}.Release|Any CPU.Build.0 = Release|Any CPU
		{42DA5D8F-0BC0-4EE0-A4A0-E8E7A7BE21D6}.Debug|Any CPU.ActiveCfg = Debug|Any CPU
		{42DA5D8F-0BC0-4EE0-A4A0-E8E7A7BE21D6}.Debug|Any CPU.Build.0 = Debug|Any CPU
		{42DA5D8F-0BC0-4EE0-A4A0-E8E7A7BE21D6}.Release|Any CPU.ActiveCfg = Release|Any CPU
		{42DA5D8F-0BC0-4EE0-A4A0-E8E7A7BE21D6}.Release|Any CPU.Build.0 = Release|Any CPU
		{64330351-E96C-4D00-8DB8-D29BDDE1647E}.Debug|Any CPU.ActiveCfg = Debug|Any CPU
		{64330351-E96C-4D00-8DB8-D29BDDE1647E}.Debug|Any CPU.Build.0 = Debug|Any CPU
		{64330351-E96C-4D00-8DB8-D29BDDE1647E}.Release|Any CPU.ActiveCfg = Release|Any CPU
		{64330351-E96C-4D00-8DB8-D29BDDE1647E}.Release|Any CPU.Build.0 = Release|Any CPU
		{15DEB460-D32B-4E41-8ED4-ACACFB7A4829}.Debug|Any CPU.ActiveCfg = Debug|Any CPU
		{15DEB460-D32B-4E41-8ED4-ACACFB7A4829}.Debug|Any CPU.Build.0 = Debug|Any CPU
		{15DEB460-D32B-4E41-8ED4-ACACFB7A4829}.Release|Any CPU.ActiveCfg = Release|Any CPU
		{15DEB460-D32B-4E41-8ED4-ACACFB7A4829}.Release|Any CPU.Build.0 = Release|Any CPU
	EndGlobalSection
	GlobalSection(SolutionProperties) = preSolution
		HideSolutionNode = FALSE
	EndGlobalSection
	GlobalSection(ExtensibilityGlobals) = postSolution
		SolutionGuid = {4F4D2153-0C7F-41AE-B086-07C2E9B56BF1}
	EndGlobalSection
EndGlobal
